
Microsoft Visual Studio Solution File, Format Version 12.00
# Visual Studio Version 17
VisualStudioVersion = 17.10.35004.147
MinimumVisualStudioVersion = 10.0.40219.1
Project("{FAE04EC0-301F-11D3-BF4B-00C04F79EFBC}") = "Bai8_PhepTinhCoban_RadioBatton", "Bai8_PhepTinhCoban_RadioBatton.csproj", "{12E79CA2-F013-4067-9042-27320AA05A57}"
EndProject
Global
	GlobalSection(SolutionConfigurationPlatforms) = preSolution
		Debug|Any CPU = Debug|Any CPU
		Release|Any CPU = Release|Any CPU
	EndGlobalSection
	GlobalSection(ProjectConfigurationPlatforms) = postSolution
		{12E79CA2-F013-4067-9042-27320AA05A57}.Debug|Any CPU.ActiveCfg = Debug|Any CPU
		{12E79CA2-F013-4067-9042-27320AA05A57}.Debug|Any CPU.Build.0 = Debug|Any CPU
		{12E79CA2-F013-4067-9042-27320AA05A57}.Release|Any CPU.ActiveCfg = Release|Any CPU
		{12E79CA2-F013-4067-9042-27320AA05A57}.Release|Any CPU.Build.0 = Release|Any CPU
	EndGlobalSection
	GlobalSection(SolutionProperties) = preSolution
		HideSolutionNode = FALSE
	EndGlobalSection
	GlobalSection(ExtensibilityGlobals) = postSolution
		SolutionGuid = {1791A6E0-28AF-4298-9091-5D4E88C558D1}
	EndGlobalSection
EndGlobal
